// !$*UTF8*$!
{
	archiveVersion = 1;
	classes = {
	};
	objectVersion = 56;
	objects = {

/* Begin PBXBuildFile section */
		B46B347F2BE3D04500B26D84 /* ListRowView.swift in Sources */ = {isa = PBXBuildFile; fileRef = B46B347E2BE3D04500B26D84 /* ListRowView.swift */; };
		B46B34812BE3DE2900B26D84 /* AddView.swift in Sources */ = {isa = PBXBuildFile; fileRef = B46B34802BE3DE2900B26D84 /* AddView.swift */; };
		B46B34832BE491AC00B26D84 /* ToDoItemModel.swift in Sources */ = {isa = PBXBuildFile; fileRef = B46B34822BE491AC00B26D84 /* ToDoItemModel.swift */; };
		B46B34852BE4961A00B26D84 /* DatabaseManager.swift in Sources */ = {isa = PBXBuildFile; fileRef = B46B34842BE4961A00B26D84 /* DatabaseManager.swift */; };
		B46B34872BE4F9CE00B26D84 /* ListViewModel.swift in Sources */ = {isa = PBXBuildFile; fileRef = B46B34862BE4F9CE00B26D84 /* ListViewModel.swift */; };
		B46B34892BE5390200B26D84 /* EmptyItemsView.swift in Sources */ = {isa = PBXBuildFile; fileRef = B46B34882BE5390200B26D84 /* EmptyItemsView.swift */; };
		B46B348B2BE556FC00B26D84 /* Constants.swift in Sources */ = {isa = PBXBuildFile; fileRef = B46B348A2BE556FC00B26D84 /* Constants.swift */; };
		B46B348D2BE570A000B26D84 /* LaunchScreen.storyboard in Resources */ = {isa = PBXBuildFile; fileRef = B46B348C2BE570A000B26D84 /* LaunchScreen.storyboard */; };
		B46EB53E2BE3B6B1004863D9 /* HomeView.swift in Sources */ = {isa = PBXBuildFile; fileRef = B46EB53D2BE3B6B1004863D9 /* HomeView.swift */; };
		B4A23C1E2BE37629007C483B /* DinCharyaApp.swift in Sources */ = {isa = PBXBuildFile; fileRef = B4A23C1D2BE37629007C483B /* DinCharyaApp.swift */; };
		B4A23C222BE3762A007C483B /* Assets.xcassets in Resources */ = {isa = PBXBuildFile; fileRef = B4A23C212BE3762A007C483B /* Assets.xcassets */; };
		B4A23C252BE3762A007C483B /* Preview Assets.xcassets in Resources */ = {isa = PBXBuildFile; fileRef = B4A23C242BE3762A007C483B /* Preview Assets.xcassets */; };
/* End PBXBuildFile section */

/* Begin PBXFileReference section */
		B46B347E2BE3D04500B26D84 /* ListRowView.swift */ = {isa = PBXFileReference; lastKnownFileType = sourcecode.swift; path = ListRowView.swift; sourceTree = "<group>"; };
		B46B34802BE3DE2900B26D84 /* AddView.swift */ = {isa = PBXFileReference; lastKnownFileType = sourcecode.swift; path = AddView.swift; sourceTree = "<group>"; };
		B46B34822BE491AC00B26D84 /* ToDoItemModel.swift */ = {isa = PBXFileReference; lastKnownFileType = sourcecode.swift; path = ToDoItemModel.swift; sourceTree = "<group>"; };
		B46B34842BE4961A00B26D84 /* DatabaseManager.swift */ = {isa = PBXFileReference; lastKnownFileType = sourcecode.swift; path = DatabaseManager.swift; sourceTree = "<group>"; };
		B46B34862BE4F9CE00B26D84 /* ListViewModel.swift */ = {isa = PBXFileReference; lastKnownFileType = sourcecode.swift; path = ListViewModel.swift; sourceTree = "<group>"; };
		B46B34882BE5390200B26D84 /* EmptyItemsView.swift */ = {isa = PBXFileReference; lastKnownFileType = sourcecode.swift; path = EmptyItemsView.swift; sourceTree = "<group>"; };
		B46B348A2BE556FC00B26D84 /* Constants.swift */ = {isa = PBXFileReference; lastKnownFileType = sourcecode.swift; path = Constants.swift; sourceTree = "<group>"; };
		B46B348C2BE570A000B26D84 /* LaunchScreen.storyboard */ = {isa = PBXFileReference; lastKnownFileType = file.storyboard; path = LaunchScreen.storyboard; sourceTree = "<group>"; };
		B46EB53D2BE3B6B1004863D9 /* HomeView.swift */ = {isa = PBXFileReference; lastKnownFileType = sourcecode.swift; path = HomeView.swift; sourceTree = "<group>"; };
		B4A23C1A2BE37629007C483B /* DinCharya.app */ = {isa = PBXFileReference; explicitFileType = wrapper.application; includeInIndex = 0; path = DinCharya.app; sourceTree = BUILT_PRODUCTS_DIR; };
		B4A23C1D2BE37629007C483B /* DinCharyaApp.swift */ = {isa = PBXFileReference; lastKnownFileType = sourcecode.swift; path = DinCharyaApp.swift; sourceTree = "<group>"; };
		B4A23C212BE3762A007C483B /* Assets.xcassets */ = {isa = PBXFileReference; lastKnownFileType = folder.assetcatalog; path = Assets.xcassets; sourceTree = "<group>"; };
		B4A23C242BE3762A007C483B /* Preview Assets.xcassets */ = {isa = PBXFileReference; lastKnownFileType = folder.assetcatalog; path = "Preview Assets.xcassets"; sourceTree = "<group>"; };
/* End PBXFileReference section */

/* Begin PBXFrameworksBuildPhase section */
		B4A23C172BE37629007C483B /* Frameworks */ = {
			isa = PBXFrameworksBuildPhase;
			buildActionMask = 2147483647;
			files = (
			);
			runOnlyForDeploymentPostprocessing = 0;
		};
/* End PBXFrameworksBuildPhase section */

/* Begin PBXGroup section */
		B46B348E2BE5764B00B26D84 /* Utelities */ = {
			isa = PBXGroup;
			children = (
				B46B348C2BE570A000B26D84 /* LaunchScreen.storyboard */,
				B46B348A2BE556FC00B26D84 /* Constants.swift */,
				B4A23C212BE3762A007C483B /* Assets.xcassets */,
				B4A23C1D2BE37629007C483B /* DinCharyaApp.swift */,
			);
			path = Utelities;
			sourceTree = "<group>";
		};
		B4A23C112BE37629007C483B = {
			isa = PBXGroup;
			children = (
				B4A23C1C2BE37629007C483B /* DinCharya */,
				B4A23C1B2BE37629007C483B /* Products */,
			);
			sourceTree = "<group>";
		};
		B4A23C1B2BE37629007C483B /* Products */ = {
			isa = PBXGroup;
			children = (
				B4A23C1A2BE37629007C483B /* DinCharya.app */,
			);
			name = Products;
			sourceTree = "<group>";
		};
		B4A23C1C2BE37629007C483B /* DinCharya */ = {
			isa = PBXGroup;
			children = (
				B46B348E2BE5764B00B26D84 /* Utelities */,
				B4A23C2D2BE3B372007C483B /* ViewModels */,
				B4A23C2C2BE3B36B007C483B /* Models */,
				B4A23C2B2BE3B35D007C483B /* Views */,
				B4A23C232BE3762A007C483B /* Preview Content */,
			);
			path = DinCharya;
			sourceTree = "<group>";
		};
		B4A23C232BE3762A007C483B /* Preview Content */ = {
			isa = PBXGroup;
			children = (
				B4A23C242BE3762A007C483B /* Preview Assets.xcassets */,
			);
			path = "Preview Content";
			sourceTree = "<group>";
		};
		B4A23C2B2BE3B35D007C483B /* Views */ = {
			isa = PBXGroup;
			children = (
				B46EB53D2BE3B6B1004863D9 /* HomeView.swift */,
				B46B347E2BE3D04500B26D84 /* ListRowView.swift */,
				B46B34802BE3DE2900B26D84 /* AddView.swift */,
				B46B34882BE5390200B26D84 /* EmptyItemsView.swift */,
			);
			path = Views;
			sourceTree = "<group>";
		};
		B4A23C2C2BE3B36B007C483B /* Models */ = {
			isa = PBXGroup;
			children = (
				B46B34822BE491AC00B26D84 /* ToDoItemModel.swift */,
				B46B34842BE4961A00B26D84 /* DatabaseManager.swift */,
			);
			path = Models;
			sourceTree = "<group>";
		};
		B4A23C2D2BE3B372007C483B /* ViewModels */ = {
			isa = PBXGroup;
			children = (
				B46B34862BE4F9CE00B26D84 /* ListViewModel.swift */,
			);
			path = ViewModels;
			sourceTree = "<group>";
		};
/* End PBXGroup section */

/* Begin PBXNativeTarget section */
		B4A23C192BE37629007C483B /* DinCharya */ = {
			isa = PBXNativeTarget;
			buildConfigurationList = B4A23C282BE3762A007C483B /* Build configuration list for PBXNativeTarget "DinCharya" */;
			buildPhases = (
				B4A23C162BE37629007C483B /* Sources */,
				B4A23C172BE37629007C483B /* Frameworks */,
				B4A23C182BE37629007C483B /* Resources */,
			);
			buildRules = (
			);
			dependencies = (
			);
			name = DinCharya;
			productName = DinCharya;
			productReference = B4A23C1A2BE37629007C483B /* DinCharya.app */;
			productType = "com.apple.product-type.application";
		};
/* End PBXNativeTarget section */

/* Begin PBXProject section */
		B4A23C122BE37629007C483B /* Project object */ = {
			isa = PBXProject;
			attributes = {
				BuildIndependentTargetsInParallel = 1;
				LastSwiftUpdateCheck = 1530;
				LastUpgradeCheck = 1530;
				TargetAttributes = {
					B4A23C192BE37629007C483B = {
						CreatedOnToolsVersion = 15.3;
					};
				};
			};
			buildConfigurationList = B4A23C152BE37629007C483B /* Build configuration list for PBXProject "DinCharya" */;
			compatibilityVersion = "Xcode 14.0";
			developmentRegion = en;
			hasScannedForEncodings = 0;
			knownRegions = (
				en,
				Base,
			);
			mainGroup = B4A23C112BE37629007C483B;
			productRefGroup = B4A23C1B2BE37629007C483B /* Products */;
			projectDirPath = "";
			projectRoot = "";
			targets = (
				B4A23C192BE37629007C483B /* DinCharya */,
			);
		};
/* End PBXProject section */

/* Begin PBXResourcesBuildPhase section */
		B4A23C182BE37629007C483B /* Resources */ = {
			isa = PBXResourcesBuildPhase;
			buildActionMask = 2147483647;
			files = (
				B46B348D2BE570A000B26D84 /* LaunchScreen.storyboard in Resources */,
				B4A23C252BE3762A007C483B /* Preview Assets.xcassets in Resources */,
				B4A23C222BE3762A007C483B /* Assets.xcassets in Resources */,
			);
			runOnlyForDeploymentPostprocessing = 0;
		};
/* End PBXResourcesBuildPhase section */

/* Begin PBXSourcesBuildPhase section */
		B4A23C162BE37629007C483B /* Sources */ = {
			isa = PBXSourcesBuildPhase;
			buildActionMask = 2147483647;
			files = (
				B46B34812BE3DE2900B26D84 /* AddView.swift in Sources */,
				B46B34832BE491AC00B26D84 /* ToDoItemModel.swift in Sources */,
				B46B34872BE4F9CE00B26D84 /* ListViewModel.swift in Sources */,
				B46B34892BE5390200B26D84 /* EmptyItemsView.swift in Sources */,
				B46B34852BE4961A00B26D84 /* DatabaseManager.swift in Sources */,
				B4A23C1E2BE37629007C483B /* DinCharyaApp.swift in Sources */,
				B46EB53E2BE3B6B1004863D9 /* HomeView.swift in Sources */,
				B46B347F2BE3D04500B26D84 /* ListRowView.swift in Sources */,
				B46B348B2BE556FC00B26D84 /* Constants.swift in Sources */,
			);
			runOnlyForDeploymentPostprocessing = 0;
		};
/* End PBXSourcesBuildPhase section */

/* Begin XCBuildConfiguration section */
		B4A23C262BE3762A007C483B /* Debug */ = {
			isa = XCBuildConfiguration;
			buildSettings = {
				ALWAYS_SEARCH_USER_PATHS = NO;
				ASSETCATALOG_COMPILER_GENERATE_SWIFT_ASSET_SYMBOL_EXTENSIONS = YES;
				CLANG_ANALYZER_NONNULL = YES;
				CLANG_ANALYZER_NUMBER_OBJECT_CONVERSION = YES_AGGRESSIVE;
				CLANG_CXX_LANGUAGE_STANDARD = "gnu++20";
				CLANG_ENABLE_MODULES = YES;
				CLANG_ENABLE_OBJC_ARC = YES;
				CLANG_ENABLE_OBJC_WEAK = YES;
				CLANG_WARN_BLOCK_CAPTURE_AUTORELEASING = YES;
				CLANG_WARN_BOOL_CONVERSION = YES;
				CLANG_WARN_COMMA = YES;
				CLANG_WARN_CONSTANT_CONVERSION = YES;
				CLANG_WARN_DEPRECATED_OBJC_IMPLEMENTATIONS = YES;
				CLANG_WARN_DIRECT_OBJC_ISA_USAGE = YES_ERROR;
				CLANG_WARN_DOCUMENTATION_COMMENTS = YES;
				CLANG_WARN_EMPTY_BODY = YES;
				CLANG_WARN_ENUM_CONVERSION = YES;
				CLANG_WARN_INFINITE_RECURSION = YES;
				CLANG_WARN_INT_CONVERSION = YES;
				CLANG_WARN_NON_LITERAL_NULL_CONVERSION = YES;
				CLANG_WARN_OBJC_IMPLICIT_RETAIN_SELF = YES;
				CLANG_WARN_OBJC_LITERAL_CONVERSION = YES;
				CLANG_WARN_OBJC_ROOT_CLASS = YES_ERROR;
				CLANG_WARN_QUOTED_INCLUDE_IN_FRAMEWORK_HEADER = YES;
				CLANG_WARN_RANGE_LOOP_ANALYSIS = YES;
				CLANG_WARN_STRICT_PROTOTYPES = YES;
				CLANG_WARN_SUSPICIOUS_MOVE = YES;
				CLANG_WARN_UNGUARDED_AVAILABILITY = YES_AGGRESSIVE;
				CLANG_WARN_UNREACHABLE_CODE = YES;
				CLANG_WARN__DUPLICATE_METHOD_MATCH = YES;
				COPY_PHASE_STRIP = NO;
				DEBUG_INFORMATION_FORMAT = dwarf;
				ENABLE_STRICT_OBJC_MSGSEND = YES;
				ENABLE_TESTABILITY = YES;
				ENABLE_USER_SCRIPT_SANDBOXING = YES;
				GCC_C_LANGUAGE_STANDARD = gnu17;
				GCC_DYNAMIC_NO_PIC = NO;
				GCC_NO_COMMON_BLOCKS = YES;
				GCC_OPTIMIZATION_LEVEL = 0;
				GCC_PREPROCESSOR_DEFINITIONS = (
					"DEBUG=1",
					"$(inherited)",
				);
				GCC_WARN_64_TO_32_BIT_CONVERSION = YES;
				GCC_WARN_ABOUT_RETURN_TYPE = YES_ERROR;
				GCC_WARN_UNDECLARED_SELECTOR = YES;
				GCC_WARN_UNINITIALIZED_AUTOS = YES_AGGRESSIVE;
				GCC_WARN_UNUSED_FUNCTION = YES;
				GCC_WARN_UNUSED_VARIABLE = YES;
				IPHONEOS_DEPLOYMENT_TARGET = 15.0;
				LOCALIZATION_PREFERS_STRING_CATALOGS = YES;
				MTL_ENABLE_DEBUG_INFO = INCLUDE_SOURCE;
				MTL_FAST_MATH = YES;
				ONLY_ACTIVE_ARCH = YES;
				SDKROOT = iphoneos;
				SWIFT_ACTIVE_COMPILATION_CONDITIONS = "DEBUG $(inherited)";
				SWIFT_OPTIMIZATION_LEVEL = "-Onone";
			};
			name = Debug;
		};
		B4A23C272BE3762A007C483B /* Release */ = {
			isa = XCBuildConfiguration;
			buildSettings = {
				ALWAYS_SEARCH_USER_PATHS = NO;
				ASSETCATALOG_COMPILER_GENERATE_SWIFT_ASSET_SYMBOL_EXTENSIONS = YES;
				CLANG_ANALYZER_NONNULL = YES;
				CLANG_ANALYZER_NUMBER_OBJECT_CONVERSION = YES_AGGRESSIVE;
				CLANG_CXX_LANGUAGE_STANDARD = "gnu++20";
				CLANG_ENABLE_MODULES = YES;
				CLANG_ENABLE_OBJC_ARC = YES;
				CLANG_ENABLE_OBJC_WEAK = YES;
				CLANG_WARN_BLOCK_CAPTURE_AUTORELEASING = YES;
				CLANG_WARN_BOOL_CONVERSION = YES;
				CLANG_WARN_COMMA = YES;
				CLANG_WARN_CONSTANT_CONVERSION = YES;
				CLANG_WARN_DEPRECATED_OBJC_IMPLEMENTATIONS = YES;
				CLANG_WARN_DIRECT_OBJC_ISA_USAGE = YES_ERROR;
				CLANG_WARN_DOCUMENTATION_COMMENTS = YES;
				CLANG_WARN_EMPTY_BODY = YES;
				CLANG_WARN_ENUM_CONVERSION = YES;
				CLANG_WARN_INFINITE_RECURSION = YES;
				CLANG_WARN_INT_CONVERSION = YES;
				CLANG_WARN_NON_LITERAL_NULL_CONVERSION = YES;
				CLANG_WARN_OBJC_IMPLICIT_RETAIN_SELF = YES;
				CLANG_WARN_OBJC_LITERAL_CONVERSION = YES;
				CLANG_WARN_OBJC_ROOT_CLASS = YES_ERROR;
				CLANG_WARN_QUOTED_INCLUDE_IN_FRAMEWORK_HEADER = YES;
				CLANG_WARN_RANGE_LOOP_ANALYSIS = YES;
				CLANG_WARN_STRICT_PROTOTYPES = YES;
				CLANG_WARN_SUSPICIOUS_MOVE = YES;
				CLANG_WARN_UNGUARDED_AVAILABILITY = YES_AGGRESSIVE;
				CLANG_WARN_UNREACHABLE_CODE = YES;
				CLANG_WARN__DUPLICATE_METHOD_MATCH = YES;
				COPY_PHASE_STRIP = NO;
				DEBUG_INFORMATION_FORMAT = "dwarf-with-dsym";
				ENABLE_NS_ASSERTIONS = NO;
				ENABLE_STRICT_OBJC_MSGSEND = YES;
				ENABLE_USER_SCRIPT_SANDBOXING = YES;
				GCC_C_LANGUAGE_STANDARD = gnu17;
				GCC_NO_COMMON_BLOCKS = YES;
				GCC_WARN_64_TO_32_BIT_CONVERSION = YES;
				GCC_WARN_ABOUT_RETURN_TYPE = YES_ERROR;
				GCC_WARN_UNDECLARED_SELECTOR = YES;
				GCC_WARN_UNINITIALIZED_AUTOS = YES_AGGRESSIVE;
				GCC_WARN_UNUSED_FUNCTION = YES;
				GCC_WARN_UNUSED_VARIABLE = YES;
				IPHONEOS_DEPLOYMENT_TARGET = 15.0;
				LOCALIZATION_PREFERS_STRING_CATALOGS = YES;
				MTL_ENABLE_DEBUG_INFO = NO;
				MTL_FAST_MATH = YES;
				SDKROOT = iphoneos;
				SWIFT_COMPILATION_MODE = wholemodule;
				VALIDATE_PRODUCT = YES;
			};
			name = Release;
		};
		B4A23C292BE3762A007C483B /* Debug */ = {
			isa = XCBuildConfiguration;
			buildSettings = {
				ASSETCATALOG_COMPILER_APPICON_NAME = AppIcon;
				ASSETCATALOG_COMPILER_GLOBAL_ACCENT_COLOR_NAME = AccentColor;
				CODE_SIGN_STYLE = Automatic;
				CURRENT_PROJECT_VERSION = 1;
				DEVELOPMENT_ASSET_PATHS = "\"DinCharya/Preview Content\"";
				DEVELOPMENT_TEAM = XGXCL6K64U;
				ENABLE_PREVIEWS = YES;
				GENERATE_INFOPLIST_FILE = YES;
				INFOPLIST_KEY_UIApplicationSceneManifest_Generation = YES;
				INFOPLIST_KEY_UIApplicationSupportsIndirectInputEvents = YES;
				INFOPLIST_KEY_UILaunchStoryboardName = LaunchScreen.storyboard;
				INFOPLIST_KEY_UISupportedInterfaceOrientations_iPad = "UIInterfaceOrientationPortrait UIInterfaceOrientationPortraitUpsideDown UIInterfaceOrientationLandscapeLeft UIInterfaceOrientationLandscapeRight";
				INFOPLIST_KEY_UISupportedInterfaceOrientations_iPhone = "UIInterfaceOrientationPortrait UIInterfaceOrientationLandscapeLeft UIInterfaceOrientationLandscapeRight";
				IPHONEOS_DEPLOYMENT_TARGET = 15.0;
				LD_RUNPATH_SEARCH_PATHS = (
					"$(inherited)",
					"@executable_path/Frameworks",
				);
				MARKETING_VERSION = 1.0;
				PRODUCT_BUNDLE_IDENTIFIER = TheHunterCode.DinCharya;
				PRODUCT_NAME = "$(TARGET_NAME)";
				SWIFT_EMIT_LOC_STRINGS = YES;
				SWIFT_VERSION = 5.0;
				TARGETED_DEVICE_FAMILY = "1,2";
			};
			name = Debug;
		};
		B4A23C2A2BE3762A007C483B /* Release */ = {
			isa = XCBuildConfiguration;
			buildSettings = {
				ASSETCATALOG_COMPILER_APPICON_NAME = AppIcon;
				ASSETCATALOG_COMPILER_GLOBAL_ACCENT_COLOR_NAME = AccentColor;
				CODE_SIGN_STYLE = Automatic;
				CURRENT_PROJECT_VERSION = 1;
				DEVELOPMENT_ASSET_PATHS = "\"DinCharya/Preview Content\"";
				DEVELOPMENT_TEAM = XGXCL6K64U;
				ENABLE_PREVIEWS = YES;
				GENERATE_INFOPLIST_FILE = YES;
				INFOPLIST_KEY_UIApplicationSceneManifest_Generation = YES;
				INFOPLIST_KEY_UIApplicationSupportsIndirectInputEvents = YES;
				INFOPLIST_KEY_UILaunchStoryboardName = LaunchScreen.storyboard;
				INFOPLIST_KEY_UISupportedInterfaceOrientations_iPad = "UIInterfaceOrientationPortrait UIInterfaceOrientationPortraitUpsideDown UIInterfaceOrientationLandscapeLeft UIInterfaceOrientationLandscapeRight";
				INFOPLIST_KEY_UISupportedInterfaceOrientations_iPhone = "UIInterfaceOrientationPortrait UIInterfaceOrientationLandscapeLeft UIInterfaceOrientationLandscapeRight";
				IPHONEOS_DEPLOYMENT_TARGET = 15.0;
				LD_RUNPATH_SEARCH_PATHS = (
					"$(inherited)",
					"@executable_path/Frameworks",
				);
				MARKETING_VERSION = 1.0;
				PRODUCT_BUNDLE_IDENTIFIER = TheHunterCode.DinCharya;
				PRODUCT_NAME = "$(TARGET_NAME)";
				SWIFT_EMIT_LOC_STRINGS = YES;
				SWIFT_VERSION = 5.0;
				TARGETED_DEVICE_FAMILY = "1,2";
			};
			name = Release;
		};
/* End XCBuildConfiguration section */

/* Begin XCConfigurationList section */
		B4A23C152BE37629007C483B /* Build configuration list for PBXProject "DinCharya" */ = {
			isa = XCConfigurationList;
			buildConfigurations = (
				B4A23C262BE3762A007C483B /* Debug */,
				B4A23C272BE3762A007C483B /* Release */,
			);
			defaultConfigurationIsVisible = 0;
			defaultConfigurationName = Release;
		};
		B4A23C282BE3762A007C483B /* Build configuration list for PBXNativeTarget "DinCharya" */ = {
			isa = XCConfigurationList;
			buildConfigurations = (
				B4A23C292BE3762A007C483B /* Debug */,
				B4A23C2A2BE3762A007C483B /* Release */,
			);
			defaultConfigurationIsVisible = 0;
			defaultConfigurationName = Release;
		};
/* End XCConfigurationList section */
	};
	rootObject = B4A23C122BE37629007C483B /* Project object */;
}
